
Microsoft Visual Studio Solution File, Format Version 12.00
# Visual Studio 14
VisualStudioVersion = 14.0.24720.0
MinimumVisualStudioVersion = 10.0.40219.1
Project("{FAE04EC0-301F-11D3-BF4B-00C04F79EFBC}") = "GreyListAgent", "GreyListAgent\GreyListAgent.csproj", "{B69E3D2C-167C-4132-B28F-35D2B082798A}"
	ProjectSection(ProjectDependencies) = postProject
		{1F03C4B1-6212-43F2-A3B1-D8A2EC74614F} = {1F03C4B1-6212-43F2-A3B1-D8A2EC74614F}
	EndProjectSection
EndProject
Project("{FAE04EC0-301F-11D3-BF4B-00C04F79EFBC}") = "GreyListAgent.Configurator", "GreyListAgent.Configurator\GreyListAgent.Configurator.csproj", "{1F03C4B1-6212-43F2-A3B1-D8A2EC74614F}"
EndProject
Global
	GlobalSection(SolutionConfigurationPlatforms) = preSolution
		2013|Any CPU = 2013|Any CPU
		2013CU1|Any CPU = 2013CU1|Any CPU
		2013CU2|Any CPU = 2013CU2|Any CPU
		2013CU3|Any CPU = 2013CU3|Any CPU
		2013SP1|Any CPU = 2013SP1|Any CPU
		2013SP1CU10|Any CPU = 2013SP1CU10|Any CPU
		2013SP1CU11|Any CPU = 2013SP1CU11|Any CPU
		2013SP1CU4|Any CPU = 2013SP1CU4|Any CPU
		2013SP1CU5|Any CPU = 2013SP1CU5|Any CPU
		2013SP1CU6|Any CPU = 2013SP1CU6|Any CPU
		2013SP1CU7|Any CPU = 2013SP1CU7|Any CPU
		2013SP1CU8|Any CPU = 2013SP1CU8|Any CPU
		2013SP1CU9|Any CPU = 2013SP1CU9|Any CPU
		2016RTM|Any CPU = 2016RTM|Any CPU
		Debug|Any CPU = Debug|Any CPU
		Release|Any CPU = Release|Any CPU
	EndGlobalSection
	GlobalSection(ProjectConfigurationPlatforms) = postSolution
		{B69E3D2C-167C-4132-B28F-35D2B082798A}.2013|Any CPU.ActiveCfg = 2013|Any CPU
		{B69E3D2C-167C-4132-B28F-35D2B082798A}.2013|Any CPU.Build.0 = 2013|Any CPU
		{B69E3D2C-167C-4132-B28F-35D2B082798A}.2013CU1|Any CPU.ActiveCfg = 2013CU1|Any CPU
		{B69E3D2C-167C-4132-B28F-35D2B082798A}.2013CU1|Any CPU.Build.0 = 2013CU1|Any CPU
		{B69E3D2C-167C-4132-B28F-35D2B082798A}.2013CU2|Any CPU.ActiveCfg = 2013CU2|Any CPU
		{B69E3D2C-167C-4132-B28F-35D2B082798A}.2013CU2|Any CPU.Build.0 = 2013CU2|Any CPU
		{B69E3D2C-167C-4132-B28F-35D2B082798A}.2013CU3|Any CPU.ActiveCfg = 2013CU3|Any CPU
		{B69E3D2C-167C-4132-B28F-35D2B082798A}.2013CU3|Any CPU.Build.0 = 2013CU3|Any CPU
		{B69E3D2C-167C-4132-B28F-35D2B082798A}.2013SP1|Any CPU.ActiveCfg = 2013SP1|Any CPU
		{B69E3D2C-167C-4132-B28F-35D2B082798A}.2013SP1|Any CPU.Build.0 = 2013SP1|Any CPU
		{B69E3D2C-167C-4132-B28F-35D2B082798A}.2013SP1CU10|Any CPU.ActiveCfg = 2013SP1CU10|Any CPU
		{B69E3D2C-167C-4132-B28F-35D2B082798A}.2013SP1CU10|Any CPU.Build.0 = 2013SP1CU10|Any CPU
		{B69E3D2C-167C-4132-B28F-35D2B082798A}.2013SP1CU11|Any CPU.ActiveCfg = 2013SP1CU11|Any CPU
		{B69E3D2C-167C-4132-B28F-35D2B082798A}.2013SP1CU11|Any CPU.Build.0 = 2013SP1CU11|Any CPU
		{B69E3D2C-167C-4132-B28F-35D2B082798A}.2013SP1CU4|Any CPU.ActiveCfg = 2013SP1CU4|Any CPU
		{B69E3D2C-167C-4132-B28F-35D2B082798A}.2013SP1CU4|Any CPU.Build.0 = 2013SP1CU4|Any CPU
		{B69E3D2C-167C-4132-B28F-35D2B082798A}.2013SP1CU5|Any CPU.ActiveCfg = 2013SP1CU5|Any CPU
		{B69E3D2C-167C-4132-B28F-35D2B082798A}.2013SP1CU5|Any CPU.Build.0 = 2013SP1CU5|Any CPU
		{B69E3D2C-167C-4132-B28F-35D2B082798A}.2013SP1CU6|Any CPU.ActiveCfg = 2013SP1CU6|Any CPU
		{B69E3D2C-167C-4132-B28F-35D2B082798A}.2013SP1CU6|Any CPU.Build.0 = 2013SP1CU6|Any CPU
		{B69E3D2C-167C-4132-B28F-35D2B082798A}.2013SP1CU7|Any CPU.ActiveCfg = 2013SP1CU7|Any CPU
		{B69E3D2C-167C-4132-B28F-35D2B082798A}.2013SP1CU7|Any CPU.Build.0 = 2013SP1CU7|Any CPU
		{B69E3D2C-167C-4132-B28F-35D2B082798A}.2013SP1CU8|Any CPU.ActiveCfg = 2013SP1CU8|Any CPU
		{B69E3D2C-167C-4132-B28F-35D2B082798A}.2013SP1CU8|Any CPU.Build.0 = 2013SP1CU8|Any CPU
		{B69E3D2C-167C-4132-B28F-35D2B082798A}.2013SP1CU9|Any CPU.ActiveCfg = 2013SP1CU9|Any CPU
		{B69E3D2C-167C-4132-B28F-35D2B082798A}.2013SP1CU9|Any CPU.Build.0 = 2013SP1CU9|Any CPU
		{B69E3D2C-167C-4132-B28F-35D2B082798A}.2016RTM|Any CPU.ActiveCfg = 2016RTM|Any CPU
		{B69E3D2C-167C-4132-B28F-35D2B082798A}.2016RTM|Any CPU.Build.0 = 2016RTM|Any CPU
		{B69E3D2C-167C-4132-B28F-35D2B082798A}.Debug|Any CPU.ActiveCfg = 2016RTM|Any CPU
		{B69E3D2C-167C-4132-B28F-35D2B082798A}.Release|Any CPU.ActiveCfg = 2016RTM|Any CPU
		{1F03C4B1-6212-43F2-A3B1-D8A2EC74614F}.2013|Any CPU.ActiveCfg = Release|Any CPU
		{1F03C4B1-6212-43F2-A3B1-D8A2EC74614F}.2013CU1|Any CPU.ActiveCfg = Release|Any CPU
		{1F03C4B1-6212-43F2-A3B1-D8A2EC74614F}.2013CU2|Any CPU.ActiveCfg = Release|Any CPU
		{1F03C4B1-6212-43F2-A3B1-D8A2EC74614F}.2013CU3|Any CPU.ActiveCfg = Release|Any CPU
		{1F03C4B1-6212-43F2-A3B1-D8A2EC74614F}.2013SP1|Any CPU.ActiveCfg = Release|Any CPU
		{1F03C4B1-6212-43F2-A3B1-D8A2EC74614F}.2013SP1CU10|Any CPU.ActiveCfg = Release|Any CPU
		{1F03C4B1-6212-43F2-A3B1-D8A2EC74614F}.2013SP1CU11|Any CPU.ActiveCfg = Release|Any CPU
		{1F03C4B1-6212-43F2-A3B1-D8A2EC74614F}.2013SP1CU4|Any CPU.ActiveCfg = Release|Any CPU
		{1F03C4B1-6212-43F2-A3B1-D8A2EC74614F}.2013SP1CU5|Any CPU.ActiveCfg = Release|Any CPU
		{1F03C4B1-6212-43F2-A3B1-D8A2EC74614F}.2013SP1CU6|Any CPU.ActiveCfg = Release|Any CPU
		{1F03C4B1-6212-43F2-A3B1-D8A2EC74614F}.2013SP1CU7|Any CPU.ActiveCfg = Release|Any CPU
		{1F03C4B1-6212-43F2-A3B1-D8A2EC74614F}.2013SP1CU8|Any CPU.ActiveCfg = Release|Any CPU
		{1F03C4B1-6212-43F2-A3B1-D8A2EC74614F}.2013SP1CU9|Any CPU.ActiveCfg = Release|Any CPU
		{1F03C4B1-6212-43F2-A3B1-D8A2EC74614F}.2016RTM|Any CPU.ActiveCfg = Release|Any CPU
		{1F03C4B1-6212-43F2-A3B1-D8A2EC74614F}.Debug|Any CPU.ActiveCfg = Debug|Any CPU
		{1F03C4B1-6212-43F2-A3B1-D8A2EC74614F}.Debug|Any CPU.Build.0 = Debug|Any CPU
		{1F03C4B1-6212-43F2-A3B1-D8A2EC74614F}.Release|Any CPU.ActiveCfg = Release|Any CPU
		{1F03C4B1-6212-43F2-A3B1-D8A2EC74614F}.Release|Any CPU.Build.0 = Release|Any CPU
	EndGlobalSection
	GlobalSection(SolutionProperties) = preSolution
		HideSolutionNode = FALSE
	EndGlobalSection
EndGlobal
