
Microsoft Visual Studio Solution File, Format Version 12.00
# Visual Studio 14
VisualStudioVersion = 14.0.24720.0
MinimumVisualStudioVersion = 10.0.40219.1
Project("{FAE04EC0-301F-11D3-BF4B-00C04F79EFBC}") = "GreyListAgent", "GreyListAgent\GreyListAgent.csproj", "{B69E3D2C-167C-4132-B28F-35D2B082798A}"
EndProject
Project("{FAE04EC0-301F-11D3-BF4B-00C04F79EFBC}") = "GreyListAgentConfigurator", "GreyListAgentConfigurator\GreyListAgentConfigurator.csproj", "{763F9DB1-A65D-41E8-8C09-92F5CF8954F2}"
EndProject
Global
	GlobalSection(SolutionConfigurationPlatforms) = preSolution
		Debug|Any CPU = Debug|Any CPU
		Debug|x64 = Debug|x64
		Release|Any CPU = Release|Any CPU
		Release|x64 = Release|x64
	EndGlobalSection
	GlobalSection(ProjectConfigurationPlatforms) = postSolution
		{B69E3D2C-167C-4132-B28F-35D2B082798A}.Debug|Any CPU.ActiveCfg = Debug|Any CPU
		{B69E3D2C-167C-4132-B28F-35D2B082798A}.Debug|Any CPU.Build.0 = Debug|Any CPU
		{B69E3D2C-167C-4132-B28F-35D2B082798A}.Debug|x64.ActiveCfg = Debug|x64
		{B69E3D2C-167C-4132-B28F-35D2B082798A}.Debug|x64.Build.0 = Debug|x64
		{B69E3D2C-167C-4132-B28F-35D2B082798A}.Release|Any CPU.ActiveCfg = Release|Any CPU
		{B69E3D2C-167C-4132-B28F-35D2B082798A}.Release|Any CPU.Build.0 = Release|Any CPU
		{B69E3D2C-167C-4132-B28F-35D2B082798A}.Release|x64.ActiveCfg = Release|x64
		{B69E3D2C-167C-4132-B28F-35D2B082798A}.Release|x64.Build.0 = Release|x64
		{763F9DB1-A65D-41E8-8C09-92F5CF8954F2}.Debug|Any CPU.ActiveCfg = Debug|Any CPU
		{763F9DB1-A65D-41E8-8C09-92F5CF8954F2}.Debug|Any CPU.Build.0 = Debug|Any CPU
		{763F9DB1-A65D-41E8-8C09-92F5CF8954F2}.Debug|x64.ActiveCfg = Debug|Any CPU
		{763F9DB1-A65D-41E8-8C09-92F5CF8954F2}.Debug|x64.Build.0 = Debug|Any CPU
		{763F9DB1-A65D-41E8-8C09-92F5CF8954F2}.Release|Any CPU.ActiveCfg = Release|Any CPU
		{763F9DB1-A65D-41E8-8C09-92F5CF8954F2}.Release|Any CPU.Build.0 = Release|Any CPU
		{763F9DB1-A65D-41E8-8C09-92F5CF8954F2}.Release|x64.ActiveCfg = Release|Any CPU
		{763F9DB1-A65D-41E8-8C09-92F5CF8954F2}.Release|x64.Build.0 = Release|Any CPU
	EndGlobalSection
	GlobalSection(SolutionProperties) = preSolution
		HideSolutionNode = FALSE
	EndGlobalSection
EndGlobal
